
Microsoft Visual Studio Solution File, Format Version 12.00
# Visual Studio Version 17
VisualStudioVersion = 17.2.32630.192
MinimumVisualStudioVersion = 10.0.40219.1
Project("{FAE04EC0-301F-11D3-BF4B-00C04F79EFBC}") = "testovac", "testovac\testovac.csproj", "{73B19103-8B10-444D-BAE7-D1C53ED12BB5}"
EndProject
Global
	GlobalSection(SolutionConfigurationPlatforms) = preSolution
		Debug|Any CPU = Debug|Any CPU
		Release|Any CPU = Release|Any CPU
	EndGlobalSection
	GlobalSection(ProjectConfigurationPlatforms) = postSolution
		{73B19103-8B10-444D-BAE7-D1C53ED12BB5}.Debug|Any CPU.ActiveCfg = Debug|Any CPU
		{73B19103-8B10-444D-BAE7-D1C53ED12BB5}.Debug|Any CPU.Build.0 = Debug|Any CPU
		{73B19103-8B10-444D-BAE7-D1C53ED12BB5}.Release|Any CPU.ActiveCfg = Release|Any CPU
		{73B19103-8B10-444D-BAE7-D1C53ED12BB5}.Release|Any CPU.Build.0 = Release|Any CPU
	EndGlobalSection
	GlobalSection(SolutionProperties) = preSolution
		HideSolutionNode = FALSE
	EndGlobalSection
	GlobalSection(ExtensibilityGlobals) = postSolution
		SolutionGuid = {403E2453-936A-4BE4-9DB7-B697194E1DD9}
	EndGlobalSection
EndGlobal
